// !$*UTF8*$!
{
	archiveVersion = 1;
	classes = {
	};
	objectVersion = 46;
	objects = {

/* Begin PBXBuildFile section */
		9B2A7B8D1C0912470064DCF3 /* AppDelegate.swift in Sources */ = {isa = PBXBuildFile; fileRef = 9B2A7B8C1C0912470064DCF3 /* AppDelegate.swift */; };
		9B2A7B8F1C0912470064DCF3 /* ViewController.swift in Sources */ = {isa = PBXBuildFile; fileRef = 9B2A7B8E1C0912470064DCF3 /* ViewController.swift */; };
		9B2A7B921C0912470064DCF3 /* Main.storyboard in Resources */ = {isa = PBXBuildFile; fileRef = 9B2A7B901C0912470064DCF3 /* Main.storyboard */; };
		9B2A7B941C0912470064DCF3 /* Assets.xcassets in Resources */ = {isa = PBXBuildFile; fileRef = 9B2A7B931C0912470064DCF3 /* Assets.xcassets */; };
		9B2A7B971C0912470064DCF3 /* LaunchScreen.storyboard in Resources */ = {isa = PBXBuildFile; fileRef = 9B2A7B951C0912470064DCF3 /* LaunchScreen.storyboard */; };
		9B2A7BA21C0912470064DCF3 /* tipsTests.swift in Sources */ = {isa = PBXBuildFile; fileRef = 9B2A7BA11C0912470064DCF3 /* tipsTests.swift */; };
		9B2A7BAD1C0912470064DCF3 /* tipsUITests.swift in Sources */ = {isa = PBXBuildFile; fileRef = 9B2A7BAC1C0912470064DCF3 /* tipsUITests.swift */; };
/* End PBXBuildFile section */

/* Begin PBXContainerItemProxy section */
		9B2A7B9E1C0912470064DCF3 /* PBXContainerItemProxy */ = {
			isa = PBXContainerItemProxy;
			containerPortal = 9B2A7B811C0912470064DCF3 /* Project object */;
			proxyType = 1;
			remoteGlobalIDString = 9B2A7B881C0912470064DCF3;
			remoteInfo = tips;
		};
		9B2A7BA91C0912470064DCF3 /* PBXContainerItemProxy */ = {
			isa = PBXContainerItemProxy;
			containerPortal = 9B2A7B811C0912470064DCF3 /* Project object */;
			proxyType = 1;
			remoteGlobalIDString = 9B2A7B881C0912470064DCF3;
			remoteInfo = tips;
		};
/* End PBXContainerItemProxy section */

/* Begin PBXFileReference section */
		9B2A7B891C0912470064DCF3 /* tips.app */ = {isa = PBXFileReference; explicitFileType = wrapper.application; includeInIndex = 0; path = tips.app; sourceTree = BUILT_PRODUCTS_DIR; };
		9B2A7B8C1C0912470064DCF3 /* AppDelegate.swift */ = {isa = PBXFileReference; lastKnownFileType = sourcecode.swift; path = AppDelegate.swift; sourceTree = "<group>"; };
		9B2A7B8E1C0912470064DCF3 /* ViewController.swift */ = {isa = PBXFileReference; lastKnownFileType = sourcecode.swift; path = ViewController.swift; sourceTree = "<group>"; };
		9B2A7B911C0912470064DCF3 /* Base */ = {isa = PBXFileReference; lastKnownFileType = file.storyboard; name = Base; path = Base.lproj/Main.storyboard; sourceTree = "<group>"; };
		9B2A7B931C0912470064DCF3 /* Assets.xcassets */ = {isa = PBXFileReference; lastKnownFileType = folder.assetcatalog; path = Assets.xcassets; sourceTree = "<group>"; };
		9B2A7B961C0912470064DCF3 /* Base */ = {isa = PBXFileReference; lastKnownFileType = file.storyboard; name = Base; path = Base.lproj/LaunchScreen.storyboard; sourceTree = "<group>"; };
		9B2A7B981C0912470064DCF3 /* Info.plist */ = {isa = PBXFileReference; lastKnownFileType = text.plist.xml; path = Info.plist; sourceTree = "<group>"; };
		9B2A7B9D1C0912470064DCF3 /* tipsTests.xctest */ = {isa = PBXFileReference; explicitFileType = wrapper.cfbundle; includeInIndex = 0; path = tipsTests.xctest; sourceTree = BUILT_PRODUCTS_DIR; };
		9B2A7BA11C0912470064DCF3 /* tipsTests.swift */ = {isa = PBXFileReference; lastKnownFileType = sourcecode.swift; path = tipsTests.swift; sourceTree = "<group>"; };
		9B2A7BA31C0912470064DCF3 /* Info.plist */ = {isa = PBXFileReference; lastKnownFileType = text.plist.xml; path = Info.plist; sourceTree = "<group>"; };
		9B2A7BA81C0912470064DCF3 /* tipsUITests.xctest */ = {isa = PBXFileReference; explicitFileType = wrapper.cfbundle; includeInIndex = 0; path = tipsUITests.xctest; sourceTree = BUILT_PRODUCTS_DIR; };
		9B2A7BAC1C0912470064DCF3 /* tipsUITests.swift */ = {isa = PBXFileReference; lastKnownFileType = sourcecode.swift; path = tipsUITests.swift; sourceTree = "<group>"; };
		9B2A7BAE1C0912470064DCF3 /* Info.plist */ = {isa = PBXFileReference; lastKnownFileType = text.plist.xml; path = Info.plist; sourceTree = "<group>"; };
/* End PBXFileReference section */

/* Begin PBXFrameworksBuildPhase section */
		9B2A7B861C0912470064DCF3 /* Frameworks */ = {
			isa = PBXFrameworksBuildPhase;
			buildActionMask = 2147483647;
			files = (
			);
			runOnlyForDeploymentPostprocessing = 0;
		};
		9B2A7B9A1C0912470064DCF3 /* Frameworks */ = {
			isa = PBXFrameworksBuildPhase;
			buildActionMask = 2147483647;
			files = (
			);
			runOnlyForDeploymentPostprocessing = 0;
		};
		9B2A7BA51C0912470064DCF3 /* Frameworks */ = {
			isa = PBXFrameworksBuildPhase;
			buildActionMask = 2147483647;
			files = (
			);
			runOnlyForDeploymentPostprocessing = 0;
		};
/* End PBXFrameworksBuildPhase section */

/* Begin PBXGroup section */
		9B2A7B801C0912470064DCF3 = {
			isa = PBXGroup;
			children = (
				9B2A7B8B1C0912470064DCF3 /* tips */,
				9B2A7BA01C0912470064DCF3 /* tipsTests */,
				9B2A7BAB1C0912470064DCF3 /* tipsUITests */,
				9B2A7B8A1C0912470064DCF3 /* Products */,
			);
			sourceTree = "<group>";
		};
		9B2A7B8A1C0912470064DCF3 /* Products */ = {
			isa = PBXGroup;
			children = (
				9B2A7B891C0912470064DCF3 /* tips.app */,
				9B2A7B9D1C0912470064DCF3 /* tipsTests.xctest */,
				9B2A7BA81C0912470064DCF3 /* tipsUITests.xctest */,
			);
			name = Products;
			sourceTree = "<group>";
		};
		9B2A7B8B1C0912470064DCF3 /* tips */ = {
			isa = PBXGroup;
			children = (
				9B2A7B8C1C0912470064DCF3 /* AppDelegate.swift */,
				9B2A7B8E1C0912470064DCF3 /* ViewController.swift */,
				9B2A7B901C0912470064DCF3 /* Main.storyboard */,
				9B2A7B931C0912470064DCF3 /* Assets.xcassets */,
				9B2A7B951C0912470064DCF3 /* LaunchScreen.storyboard */,
				9B2A7B981C0912470064DCF3 /* Info.plist */,
			);
			path = tips;
			sourceTree = "<group>";
		};
		9B2A7BA01C0912470064DCF3 /* tipsTests */ = {
			isa = PBXGroup;
			children = (
				9B2A7BA11C0912470064DCF3 /* tipsTests.swift */,
				9B2A7BA31C0912470064DCF3 /* Info.plist */,
			);
			path = tipsTests;
			sourceTree = "<group>";
		};
		9B2A7BAB1C0912470064DCF3 /* tipsUITests */ = {
			isa = PBXGroup;
			children = (
				9B2A7BAC1C0912470064DCF3 /* tipsUITests.swift */,
				9B2A7BAE1C0912470064DCF3 /* Info.plist */,
			);
			path = tipsUITests;
			sourceTree = "<group>";
		};
/* End PBXGroup section */

/* Begin PBXNativeTarget section */
		9B2A7B881C0912470064DCF3 /* tips */ = {
			isa = PBXNativeTarget;
			buildConfigurationList = 9B2A7BB11C0912470064DCF3 /* Build configuration list for PBXNativeTarget "tips" */;
			buildPhases = (
				9B2A7B851C0912470064DCF3 /* Sources */,
				9B2A7B861C0912470064DCF3 /* Frameworks */,
				9B2A7B871C0912470064DCF3 /* Resources */,
			);
			buildRules = (
			);
			dependencies = (
			);
			name = tips;
			productName = tips;
			productReference = 9B2A7B891C0912470064DCF3 /* tips.app */;
			productType = "com.apple.product-type.application";
		};
		9B2A7B9C1C0912470064DCF3 /* tipsTests */ = {
			isa = PBXNativeTarget;
			buildConfigurationList = 9B2A7BB41C0912470064DCF3 /* Build configuration list for PBXNativeTarget "tipsTests" */;
			buildPhases = (
				9B2A7B991C0912470064DCF3 /* Sources */,
				9B2A7B9A1C0912470064DCF3 /* Frameworks */,
				9B2A7B9B1C0912470064DCF3 /* Resources */,
			);
			buildRules = (
			);
			dependencies = (
				9B2A7B9F1C0912470064DCF3 /* PBXTargetDependency */,
			);
			name = tipsTests;
			productName = tipsTests;
			productReference = 9B2A7B9D1C0912470064DCF3 /* tipsTests.xctest */;
			productType = "com.apple.product-type.bundle.unit-test";
		};
		9B2A7BA71C0912470064DCF3 /* tipsUITests */ = {
			isa = PBXNativeTarget;
			buildConfigurationList = 9B2A7BB71C0912470064DCF3 /* Build configuration list for PBXNativeTarget "tipsUITests" */;
			buildPhases = (
				9B2A7BA41C0912470064DCF3 /* Sources */,
				9B2A7BA51C0912470064DCF3 /* Frameworks */,
				9B2A7BA61C0912470064DCF3 /* Resources */,
			);
			buildRules = (
			);
			dependencies = (
				9B2A7BAA1C0912470064DCF3 /* PBXTargetDependency */,
			);
			name = tipsUITests;
			productName = tipsUITests;
			productReference = 9B2A7BA81C0912470064DCF3 /* tipsUITests.xctest */;
			productType = "com.apple.product-type.bundle.ui-testing";
		};
/* End PBXNativeTarget section */

/* Begin PBXProject section */
		9B2A7B811C0912470064DCF3 /* Project object */ = {
			isa = PBXProject;
			attributes = {
				LastSwiftUpdateCheck = 0710;
				LastUpgradeCheck = 0710;
				ORGANIZATIONNAME = Nour;
				TargetAttributes = {
					9B2A7B881C0912470064DCF3 = {
						CreatedOnToolsVersion = 7.1.1;
					};
					9B2A7B9C1C0912470064DCF3 = {
						CreatedOnToolsVersion = 7.1.1;
						TestTargetID = 9B2A7B881C0912470064DCF3;
					};
					9B2A7BA71C0912470064DCF3 = {
						CreatedOnToolsVersion = 7.1.1;
						TestTargetID = 9B2A7B881C0912470064DCF3;
					};
				};
			};
			buildConfigurationList = 9B2A7B841C0912470064DCF3 /* Build configuration list for PBXProject "tips" */;
			compatibilityVersion = "Xcode 3.2";
			developmentRegion = English;
			hasScannedForEncodings = 0;
			knownRegions = (
				en,
				Base,
			);
			mainGroup = 9B2A7B801C0912470064DCF3;
			productRefGroup = 9B2A7B8A1C0912470064DCF3 /* Products */;
			projectDirPath = "";
			projectRoot = "";
			targets = (
				9B2A7B881C0912470064DCF3 /* tips */,
				9B2A7B9C1C0912470064DCF3 /* tipsTests */,
				9B2A7BA71C0912470064DCF3 /* tipsUITests */,
			);
		};
/* End PBXProject section */

/* Begin PBXResourcesBuildPhase section */
		9B2A7B871C0912470064DCF3 /* Resources */ = {
			isa = PBXResourcesBuildPhase;
			buildActionMask = 2147483647;
			files = (
				9B2A7B971C0912470064DCF3 /* LaunchScreen.storyboard in Resources */,
				9B2A7B941C0912470064DCF3 /* Assets.xcassets in Resources */,
				9B2A7B921C0912470064DCF3 /* Main.storyboard in Resources */,
			);
			runOnlyForDeploymentPostprocessing = 0;
		};
		9B2A7B9B1C0912470064DCF3 /* Resources */ = {
			isa = PBXResourcesBuildPhase;
			buildActionMask = 2147483647;
			files = (
			);
			runOnlyForDeploymentPostprocessing = 0;
		};
		9B2A7BA61C0912470064DCF3 /* Resources */ = {
			isa = PBXResourcesBuildPhase;
			buildActionMask = 2147483647;
			files = (
			);
			runOnlyForDeploymentPostprocessing = 0;
		};
/* End PBXResourcesBuildPhase section */

/* Begin PBXSourcesBuildPhase section */
		9B2A7B851C0912470064DCF3 /* Sources */ = {
			isa = PBXSourcesBuildPhase;
			buildActionMask = 2147483647;
			files = (
				9B2A7B8F1C0912470064DCF3 /* ViewController.swift in Sources */,
				9B2A7B8D1C0912470064DCF3 /* AppDelegate.swift in Sources */,
			);
			runOnlyForDeploymentPostprocessing = 0;
		};
		9B2A7B991C0912470064DCF3 /* Sources */ = {
			isa = PBXSourcesBuildPhase;
			buildActionMask = 2147483647;
			files = (
				9B2A7BA21C0912470064DCF3 /* tipsTests.swift in Sources */,
			);
			runOnlyForDeploymentPostprocessing = 0;
		};
		9B2A7BA41C0912470064DCF3 /* Sources */ = {
			isa = PBXSourcesBuildPhase;
			buildActionMask = 2147483647;
			files = (
				9B2A7BAD1C0912470064DCF3 /* tipsUITests.swift in Sources */,
			);
			runOnlyForDeploymentPostprocessing = 0;
		};
/* End PBXSourcesBuildPhase section */

/* Begin PBXTargetDependency section */
		9B2A7B9F1C0912470064DCF3 /* PBXTargetDependency */ = {
			isa = PBXTargetDependency;
			target = 9B2A7B881C0912470064DCF3 /* tips */;
			targetProxy = 9B2A7B9E1C0912470064DCF3 /* PBXContainerItemProxy */;
		};
		9B2A7BAA1C0912470064DCF3 /* PBXTargetDependency */ = {
			isa = PBXTargetDependency;
			target = 9B2A7B881C0912470064DCF3 /* tips */;
			targetProxy = 9B2A7BA91C0912470064DCF3 /* PBXContainerItemProxy */;
		};
/* End PBXTargetDependency section */

/* Begin PBXVariantGroup section */
		9B2A7B901C0912470064DCF3 /* Main.storyboard */ = {
			isa = PBXVariantGroup;
			children = (
				9B2A7B911C0912470064DCF3 /* Base */,
			);
			name = Main.storyboard;
			sourceTree = "<group>";
		};
		9B2A7B951C0912470064DCF3 /* LaunchScreen.storyboard */ = {
			isa = PBXVariantGroup;
			children = (
				9B2A7B961C0912470064DCF3 /* Base */,
			);
			name = LaunchScreen.storyboard;
			sourceTree = "<group>";
		};
/* End PBXVariantGroup section */

/* Begin XCBuildConfiguration section */
		9B2A7BAF1C0912470064DCF3 /* Debug */ = {
			isa = XCBuildConfiguration;
			buildSettings = {
				ALWAYS_SEARCH_USER_PATHS = NO;
				CLANG_CXX_LANGUAGE_STANDARD = "gnu++0x";
				CLANG_CXX_LIBRARY = "libc++";
				CLANG_ENABLE_MODULES = YES;
				CLANG_ENABLE_OBJC_ARC = YES;
				CLANG_WARN_BOOL_CONVERSION = YES;
				CLANG_WARN_CONSTANT_CONVERSION = YES;
				CLANG_WARN_DIRECT_OBJC_ISA_USAGE = YES_ERROR;
				CLANG_WARN_EMPTY_BODY = YES;
				CLANG_WARN_ENUM_CONVERSION = YES;
				CLANG_WARN_INT_CONVERSION = YES;
				CLANG_WARN_OBJC_ROOT_CLASS = YES_ERROR;
				CLANG_WARN_UNREACHABLE_CODE = YES;
				CLANG_WARN__DUPLICATE_METHOD_MATCH = YES;
				"CODE_SIGN_IDENTITY[sdk=iphoneos*]" = "iPhone Developer";
				COPY_PHASE_STRIP = NO;
				DEBUG_INFORMATION_FORMAT = dwarf;
				ENABLE_STRICT_OBJC_MSGSEND = YES;
				ENABLE_TESTABILITY = YES;
				GCC_C_LANGUAGE_STANDARD = gnu99;
				GCC_DYNAMIC_NO_PIC = NO;
				GCC_NO_COMMON_BLOCKS = YES;
				GCC_OPTIMIZATION_LEVEL = 0;
				GCC_PREPROCESSOR_DEFINITIONS = (
					"DEBUG=1",
					"$(inherited)",
				);
				GCC_WARN_64_TO_32_BIT_CONVERSION = YES;
				GCC_WARN_ABOUT_RETURN_TYPE = YES_ERROR;
				GCC_WARN_UNDECLARED_SELECTOR = YES;
				GCC_WARN_UNINITIALIZED_AUTOS = YES_AGGRESSIVE;
				GCC_WARN_UNUSED_FUNCTION = YES;
				GCC_WARN_UNUSED_VARIABLE = YES;
				IPHONEOS_DEPLOYMENT_TARGET = 9.1;
				MTL_ENABLE_DEBUG_INFO = YES;
				ONLY_ACTIVE_ARCH = YES;
				SDKROOT = iphoneos;
				SWIFT_OPTIMIZATION_LEVEL = "-Onone";
			};
			name = Debug;
		};
		9B2A7BB01C0912470064DCF3 /* Release */ = {
			isa = XCBuildConfiguration;
			buildSettings = {
				ALWAYS_SEARCH_USER_PATHS = NO;
				CLANG_CXX_LANGUAGE_STANDARD = "gnu++0x";
				CLANG_CXX_LIBRARY = "libc++";
				CLANG_ENABLE_MODULES = YES;
				CLANG_ENABLE_OBJC_ARC = YES;
				CLANG_WARN_BOOL_CONVERSION = YES;
				CLANG_WARN_CONSTANT_CONVERSION = YES;
				CLANG_WARN_DIRECT_OBJC_ISA_USAGE = YES_ERROR;
				CLANG_WARN_EMPTY_BODY = YES;
				CLANG_WARN_ENUM_CONVERSION = YES;
				CLANG_WARN_INT_CONVERSION = YES;
				CLANG_WARN_OBJC_ROOT_CLASS = YES_ERROR;
				CLANG_WARN_UNREACHABLE_CODE = YES;
				CLANG_WARN__DUPLICATE_METHOD_MATCH = YES;
				"CODE_SIGN_IDENTITY[sdk=iphoneos*]" = "iPhone Developer";
				COPY_PHASE_STRIP = NO;
				DEBUG_INFORMATION_FORMAT = "dwarf-with-dsym";
				ENABLE_NS_ASSERTIONS = NO;
				ENABLE_STRICT_OBJC_MSGSEND = YES;
				GCC_C_LANGUAGE_STANDARD = gnu99;
				GCC_NO_COMMON_BLOCKS = YES;
				GCC_WARN_64_TO_32_BIT_CONVERSION = YES;
				GCC_WARN_ABOUT_RETURN_TYPE = YES_ERROR;
				GCC_WARN_UNDECLARED_SELECTOR = YES;
				GCC_WARN_UNINITIALIZED_AUTOS = YES_AGGRESSIVE;
				GCC_WARN_UNUSED_FUNCTION = YES;
				GCC_WARN_UNUSED_VARIABLE = YES;
				IPHONEOS_DEPLOYMENT_TARGET = 9.1;
				MTL_ENABLE_DEBUG_INFO = NO;
				SDKROOT = iphoneos;
				VALIDATE_PRODUCT = YES;
			};
			name = Release;
		};
		9B2A7BB21C0912470064DCF3 /* Debug */ = {
			isa = XCBuildConfiguration;
			buildSettings = {
				ASSETCATALOG_COMPILER_APPICON_NAME = AppIcon;
				INFOPLIST_FILE = tips/Info.plist;
				LD_RUNPATH_SEARCH_PATHS = "$(inherited) @executable_path/Frameworks";
				PRODUCT_BUNDLE_IDENTIFIER = com.nour.tips;
				PRODUCT_NAME = "$(TARGET_NAME)";
			};
			name = Debug;
		};
		9B2A7BB31C0912470064DCF3 /* Release */ = {
			isa = XCBuildConfiguration;
			buildSettings = {
				ASSETCATALOG_COMPILER_APPICON_NAME = AppIcon;
				INFOPLIST_FILE = tips/Info.plist;
				LD_RUNPATH_SEARCH_PATHS = "$(inherited) @executable_path/Frameworks";
				PRODUCT_BUNDLE_IDENTIFIER = com.nour.tips;
				PRODUCT_NAME = "$(TARGET_NAME)";
			};
			name = Release;
		};
		9B2A7BB51C0912470064DCF3 /* Debug */ = {
			isa = XCBuildConfiguration;
			buildSettings = {
				BUNDLE_LOADER = "$(TEST_HOST)";
				INFOPLIST_FILE = tipsTests/Info.plist;
				LD_RUNPATH_SEARCH_PATHS = "$(inherited) @executable_path/Frameworks @loader_path/Frameworks";
				PRODUCT_BUNDLE_IDENTIFIER = com.nour.tipsTests;
				PRODUCT_NAME = "$(TARGET_NAME)";
				TEST_HOST = "$(BUILT_PRODUCTS_DIR)/tips.app/tips";
			};
			name = Debug;
		};
		9B2A7BB61C0912470064DCF3 /* Release */ = {
			isa = XCBuildConfiguration;
			buildSettings = {
				BUNDLE_LOADER = "$(TEST_HOST)";
				INFOPLIST_FILE = tipsTests/Info.plist;
				LD_RUNPATH_SEARCH_PATHS = "$(inherited) @executable_path/Frameworks @loader_path/Frameworks";
				PRODUCT_BUNDLE_IDENTIFIER = com.nour.tipsTests;
				PRODUCT_NAME = "$(TARGET_NAME)";
				TEST_HOST = "$(BUILT_PRODUCTS_DIR)/tips.app/tips";
			};
			name = Release;
		};
		9B2A7BB81C0912470064DCF3 /* Debug */ = {
			isa = XCBuildConfiguration;
			buildSettings = {
				INFOPLIST_FILE = tipsUITests/Info.plist;
				LD_RUNPATH_SEARCH_PATHS = "$(inherited) @executable_path/Frameworks @loader_path/Frameworks";
				PRODUCT_BUNDLE_IDENTIFIER = com.nour.tipsUITests;
				PRODUCT_NAME = "$(TARGET_NAME)";
				TEST_TARGET_NAME = tips;
				USES_XCTRUNNER = YES;
			};
			name = Debug;
		};
		9B2A7BB91C0912470064DCF3 /* Release */ = {
			isa = XCBuildConfiguration;
			buildSettings = {
				INFOPLIST_FILE = tipsUITests/Info.plist;
				LD_RUNPATH_SEARCH_PATHS = "$(inherited) @executable_path/Frameworks @loader_path/Frameworks";
				PRODUCT_BUNDLE_IDENTIFIER = com.nour.tipsUITests;
				PRODUCT_NAME = "$(TARGET_NAME)";
				TEST_TARGET_NAME = tips;
				USES_XCTRUNNER = YES;
			};
			name = Release;
		};
/* End XCBuildConfiguration section */

/* Begin XCConfigurationList section */
		9B2A7B841C0912470064DCF3 /* Build configuration list for PBXProject "tips" */ = {
			isa = XCConfigurationList;
			buildConfigurations = (
				9B2A7BAF1C0912470064DCF3 /* Debug */,
				9B2A7BB01C0912470064DCF3 /* Release */,
			);
			defaultConfigurationIsVisible = 0;
			defaultConfigurationName = Release;
		};
		9B2A7BB11C0912470064DCF3 /* Build configuration list for PBXNativeTarget "tips" */ = {
			isa = XCConfigurationList;
			buildConfigurations = (
				9B2A7BB21C0912470064DCF3 /* Debug */,
				9B2A7BB31C0912470064DCF3 /* Release */,
			);
			defaultConfigurationIsVisible = 0;
		};
		9B2A7BB41C0912470064DCF3 /* Build configuration list for PBXNativeTarget "tipsTests" */ = {
			isa = XCConfigurationList;
			buildConfigurations = (
				9B2A7BB51C0912470064DCF3 /* Debug */,
				9B2A7BB61C0912470064DCF3 /* Release */,
			);
			defaultConfigurationIsVisible = 0;
		};
		9B2A7BB71C0912470064DCF3 /* Build configuration list for PBXNativeTarget "tipsUITests" */ = {
			isa = XCConfigurationList;
			buildConfigurations = (
				9B2A7BB81C0912470064DCF3 /* Debug */,
				9B2A7BB91C0912470064DCF3 /* Release */,
			);
			defaultConfigurationIsVisible = 0;
		};
/* End XCConfigurationList section */
	};
	rootObject = 9B2A7B811C0912470064DCF3 /* Project object */;
}
